lockfileVersion: '9.0'

settings:
  autoInstallPeers: true
  excludeLinksFromLockfile: false

importers:

  .:
    dependencies:
      '@prisma/client':
        specifier: ^7
        version: 7.8.0(typescript@5.9.3)
      '@prisma/internals':
        specifier: 7.8.0
        version: 7.8.0(typescript@5.9.3)
    devDependencies:
      '@types/node':
        specifier: ^24
        version: 24.12.2
      rimraf:
        specifier: ^6.0.1
        version: 6.1.3
      typescript:
        specifier: ^5
        version: 5.9.3
      zod:
        specifier: ^4.4.3
        version: 4.4.3

packages:

  '@prisma/client-runtime-utils@7.8.0':
    resolution: {integrity: sha512-5NQZztQ0oY/ADFkmd9gPuweH5A1/CCY8YQPorLLO0Mu6a87mY5gsnDkzmFmIHs9NFaLnZojzgddFVN4RpKYrdw==}

  '@prisma/client@7.8.0':
    resolution: {integrity: sha512-HFp3Dawv/3sU3JtlPha90IB+48lS7zHiH4LKZPjmcE8YH5P9DOXGPvo8dqOtO7MqLDd1p2hOWMcFlRT1DMblHw==}
    engines: {node: ^20.19 || ^22.12 || >=24.0}
    peerDependencies:
      prisma: '*'
      typescript: '>=5.4.0'
    peerDependenciesMeta:
      prisma:
        optional: true
      typescript:
        optional: true

  '@prisma/config@7.8.0':
    resolution: {integrity: sha512-HFESzd9rx2ZQxlK+TL7tu1HPvCqrHiL6LCxYykI2c34mvaUuIVVl3lYuicJD/MNnzgPnyeBEMlK4WTomJCV5jw==}

  '@prisma/debug@7.8.0':
    resolution: {integrity: sha512-p+QZReysDUqXC+mk17q9a+Y/qzh4c2KYliDK30buYUyfrGeTGSyfmc0AIrJRhZJrLHhRiJa9Au/J72h3C+szvA==}

  '@prisma/dmmf@7.8.0':
    resolution: {integrity: sha512-7xzcSFWO6J+dFUgIX7jL7QqUhEDfaa8GSZGsjjHyZct1Su+6KrvMl3S2+fnRkuKUIoTPg3Mj02oZuUdaNSfsaw==}

  '@prisma/driver-adapter-utils@7.8.0':
    resolution: {integrity: sha512-/Q13o0ZT0rjc1Xk0Q9KhZYwuq2EW/vSbWUBKfgEKkaCuB/Sg6bqnjmTZqC5cD4d6y1vfFAEwBRzfzoSMIVJ55A==}

  '@prisma/engines-version@7.8.0-6.3c6e192761c0362d496ed980de936e2f3cebcd3a':
    resolution: {integrity: sha512-fJPQxCkLgA5EayWaW8eArgCvjJ+N+Kz3VyeNKMEeYiQC4alNkxRKFVAGxv/ZUzuJISKqdw+zGeDbS6mn6RCPOA==}

  '@prisma/engines@7.8.0':
    resolution: {integrity: sha512-jx3rCnNNrt5uzbkKlegtQ2GZHxSlihMCzutgT/BP6UIDF1r9tDI39hV/0T/cHZgzJ3ELbuQPXlVZy+Y1n0pcgw==}

  '@prisma/fetch-engine@7.8.0':
    resolution: {integrity: sha512-gwB0Euiz/DDRyxFRpLXYlK3RfaZUj1c5dAYMuhZYfApg7arknJlcb9bIsOHDppJmbqYaVA+yBIiFMDBfprsNPQ==}

  '@prisma/generator-helper@7.8.0':
    resolution: {integrity: sha512-i+2Gad6D/0dS0YHKFdYX3M8KYN1gwNkET813WXKfW2HeWmgipmSJsNSzOA44kTM+Rx6Dev3yBQwx5sZXXdtgtQ==}

  '@prisma/generator@7.8.0':
    resolution: {integrity: sha512-KHGB0b8/9pNWyiK9EPJNE2/v1bMtqJgJldqjNNVvoE4uOhNSSWTmhHhPVfRsiuOVybzHCdCUQ/gdidCbpYAD5w==}

  '@prisma/get-dmmf@7.8.0':
    resolution: {integrity: sha512-lWPV4cu0JCGuIKR45cLKpzMei4TY4uPAa9UxWVes37so5M8XJfdEm0MHLTHmVPZNKPxqAAI/Z845R6Mzgcv1DQ==}

  '@prisma/get-platform@7.8.0':
    resolution: {integrity: sha512-WlxgRGnolL8VH2EmkH1R/DkKNr/mVdS3G2h42IZFFZ3eUrH9OT6t73kIOSlkkrv50wG123Iq8d96ufv5LlZktw==}

  '@prisma/internals@7.8.0':
    resolution: {integrity: sha512-0rjawF2eB7DSq47HKqYuKF+cAV80pB6pnxJzKSN4rzk4R0ET5Lytjf4c8wPJJ7HwPMTQWPwPe3vlKfp9UB8s9A==}
    peerDependencies:
      typescript: '>=5.4.0'
    peerDependenciesMeta:
      typescript:
        optional: true

  '@prisma/prisma-schema-wasm@7.8.0-6.3c6e192761c0362d496ed980de936e2f3cebcd3a':
    resolution: {integrity: sha512-yyKNwOSaxExepEI+pWwESbDNRSIhzE53PXD6YaEvY7cNl39qOIMjWJCIXMDwZQpt5ixDkL/sesWYg3XxCmBkZQ==}

  '@prisma/schema-engine-wasm@7.8.0-6.3c6e192761c0362d496ed980de936e2f3cebcd3a':
    resolution: {integrity: sha512-1qyiBr10vgh02ccZyBNMDZGUT6xdl856pKQQNGpcveKb85zFEO8wy+q7kkVrr9t5h88bkahKd/QLXG/9M0YSJg==}

  '@prisma/schema-files-loader@7.8.0':
    resolution: {integrity: sha512-WxCCsgreVggULyP5ElOOHYXjNK9qN+2U15uGRIyRWb87VZWsDZLlYOdC3zR2XKKmkzEq1ncJ5fFWcFyxnNCq7A==}

  '@standard-schema/spec@1.1.0':
    resolution: {integrity: sha512-l2aFy5jALhniG5HgqrD6jXLi/rUWrKvqN/qJx6yoJsgKhblVd+iqqU4RCXavm/jPityDo5TCvKMnpjKnOriy0w==}

  '@streamparser/json@0.0.22':
    resolution: {integrity: sha512-b6gTSBjJ8G8SuO3Gbbj+zXbVx8NSs1EbpbMKpzGLWMdkR+98McH9bEjSz3+0mPJf68c5nxa3CrJHp5EQNXM6zQ==}

  '@types/node@24.12.2':
    resolution: {integrity: sha512-A1sre26ke7HDIuY/M23nd9gfB+nrmhtYyMINbjI1zHJxYteKR6qSMX56FsmjMcDb3SMcjJg5BiRRgOCC/yBD0g==}

  arg@5.0.2:
    resolution: {integrity: sha512-PYjyFOLKQ9y57JvQ6QLo8dAgNqswh8M1RMJYdQduT6xbWSgK36P/Z/v+p888pM69jMMfS8Xd8F6I1kQ/I9HUGg==}

  balanced-match@4.0.4:
    resolution: {integrity: sha512-BLrgEcRTwX2o6gGxGOCNyMvGSp35YofuYzw9h1IMTRmKqttAZZVU67bdb9Pr2vUHA8+j3i2tJfjO6C6+4myGTA==}
    engines: {node: 18 || 20 || >=22}

  brace-expansion@5.0.5:
    resolution: {integrity: sha512-VZznLgtwhn+Mact9tfiwx64fA9erHH/MCXEUfB/0bX/6Fz6ny5EGTXYltMocqg4xFAQZtnO3DHWWXi8RiuN7cQ==}
    engines: {node: 18 || 20 || >=22}

  c12@3.3.4:
    resolution: {integrity: sha512-cM0ApFQSBXuourJejzwv/AuPRvAxordTyParRVcHjjtXirtkzM0uK2L9TTn9s0cXZbG7E55jCivRQzoxYmRAlA==}
    peerDependencies:
      magicast: '*'
    peerDependenciesMeta:
      magicast:
        optional: true

  chokidar@5.0.0:
    resolution: {integrity: sha512-TQMmc3w+5AxjpL8iIiwebF73dRDF4fBIieAqGn9RGCWaEVwQ6Fb2cGe31Yns0RRIzii5goJ1Y7xbMwo1TxMplw==}
    engines: {node: '>= 20.19.0'}

  confbox@0.2.4:
    resolution: {integrity: sha512-ysOGlgTFbN2/Y6Cg3Iye8YKulHw+R2fNXHrgSmXISQdMnomY6eNDprVdW9R5xBguEqI954+S6709UyiO7B+6OQ==}

  deepmerge-ts@7.1.5:
    resolution: {integrity: sha512-HOJkrhaYsweh+W+e74Yn7YStZOilkoPb6fycpwNLKzSPtruFs48nYis0zy5yJz1+ktUhHxoRDJ27RQAWLIJVJw==}
    engines: {node: '>=16.0.0'}

  defu@6.1.7:
    resolution: {integrity: sha512-7z22QmUWiQ/2d0KkdYmANbRUVABpZ9SNYyH5vx6PZ+nE5bcC0l7uFvEfHlyld/HcGBFTL536ClDt3DEcSlEJAQ==}

  destr@2.0.5:
    resolution: {integrity: sha512-ugFTXCtDZunbzasqBxrK93Ik/DRYsO6S/fedkWEMKqt04xZ4csmnmwGDBAb07QWNaGMAmnTIemsYZCksjATwsA==}

  dotenv@17.4.2:
    resolution: {integrity: sha512-nI4U3TottKAcAD9LLud4Cb7b2QztQMUEfHbvhTH09bqXTxnSie8WnjPALV/WMCrJZ6UV/qHJ6L03OqO3LcdYZw==}
    engines: {node: '>=12'}

  effect@3.20.0:
    resolution: {integrity: sha512-qMLfDJscrNG8p/aw+IkT9W7fgj50Z4wG5bLBy0Txsxz8iUHjDIkOgO3SV0WZfnQbNG2VJYb0b+rDLMrhM4+Krw==}

  empathic@2.0.0:
    resolution: {integrity: sha512-i6UzDscO/XfAcNYD75CfICkmfLedpyPDdozrLMmQc5ORaQcdMoc21OnlEylMIqI7U8eniKrPMxxtj8k0vhmJhA==}
    engines: {node: '>=14'}

  exsolve@1.0.8:
    resolution: {integrity: sha512-LmDxfWXwcTArk8fUEnOfSZpHOJ6zOMUJKOtFLFqJLoKJetuQG874Uc7/Kki7zFLzYybmZhp1M7+98pfMqeX8yA==}

  fast-check@3.23.2:
    resolution: {integrity: sha512-h5+1OzzfCC3Ef7VbtKdcv7zsstUQwUDlYpUTvjeUsJAssPgLn7QzbboPtL5ro04Mq0rPOsMzl7q5hIbRs2wD1A==}
    engines: {node: '>=8.0.0'}

  fs-extra@11.3.0:
    resolution: {integrity: sha512-Z4XaCL6dUDHfP/jT25jJKMmtxvuwbkrD1vNSMFlo9lNLY2c5FHYSQgHPRZUjAB26TpDEoW9HCOgplrdbaPV/ew==}
    engines: {node: '>=14.14'}

  giget@3.2.0:
    resolution: {integrity: sha512-GvHTWcykIR/fP8cj8dMpuMMkvaeJfPvYnhq0oW+chSeIr+ldX21ifU2Ms6KBoyKZQZmVaUAAhQ2EZ68KJF8a7A==}
    hasBin: true

  glob@13.0.6:
    resolution: {integrity: sha512-Wjlyrolmm8uDpm/ogGyXZXb1Z+Ca2B8NbJwqBVg0axK9GbBeoS7yGV6vjXnYdGm6X53iehEuxxbyiKp8QmN4Vw==}
    engines: {node: 18 || 20 || >=22}

  graceful-fs@4.2.11:
    resolution: {integrity: sha512-RbJ5/jmFcNNCcDV5o9eTnBLJ/HszWV0P73bc+Ff4nS/rJj+YaS6IGyiOL0VoBYX+l1Wrl3k63h/KrH+nhJ0XvQ==}

  jiti@2.7.0:
    resolution: {integrity: sha512-AC/7JofJvZGrrneWNaEnJeOLUx+JlGt7tNa0wZiRPT4MY1wmfKjt2+6O2p2uz2+skll8OZZmJMNqeke7kKbNgQ==}
    hasBin: true

  jsonfile@6.2.1:
    resolution: {integrity: sha512-zwOTdL3rFQ/lRdBnntKVOX6k5cKJwEc1HdilT71BWEu7J41gXIB2MRp+vxduPSwZJPWBxEzv4yH1wYLJGUHX4Q==}

  kleur@3.0.3:
    resolution: {integrity: sha512-eTIzlVOSUR+JxdDFepEYcBMtZ9Qqdef+rnzWdRZuMbOywu5tO2w2N7rqjoANZ5k9vywhL6Br1VRjUIgTQx4E8w==}
    engines: {node: '>=6'}

  lru-cache@11.3.6:
    resolution: {integrity: sha512-Gf/KoL3C/MlI7Bt0PGI9I+TeTC/I6r/csU58N4BSNc4lppLBeKsOdFYkK+dX0ABDUMJNfCHTyPpzwwO21Awd3A==}
    engines: {node: 20 || >=22}

  minimatch@10.2.5:
    resolution: {integrity: sha512-MULkVLfKGYDFYejP07QOurDLLQpcjk7Fw+7jXS2R2czRQzR56yHRveU5NDJEOviH+hETZKSkIk5c+T23GjFUMg==}
    engines: {node: 18 || 20 || >=22}

  minipass@7.1.3:
    resolution: {integrity: sha512-tEBHqDnIoM/1rXME1zgka9g6Q2lcoCkxHLuc7ODJ5BxbP5d4c2Z5cGgtXAku59200Cx7diuHTOYfSBD8n6mm8A==}
    engines: {node: '>=16 || 14 >=14.17'}

  ohash@2.0.11:
    resolution: {integrity: sha512-RdR9FQrFwNBNXAr4GixM8YaRZRJ5PUWbKYbE5eOsrwAjJW0q2REGcf79oYPsLyskQCZG1PLN+S/K1V00joZAoQ==}

  package-json-from-dist@1.0.1:
    resolution: {integrity: sha512-UEZIS3/by4OC8vL3P2dTXRETpebLI2NiI5vIrjaD/5UtrkFX/tNbwjTSRAGC/+7CAo2pIcBaRgWmcBBHcsaCIw==}

  path-scurry@2.0.2:
    resolution: {integrity: sha512-3O/iVVsJAPsOnpwWIeD+d6z/7PmqApyQePUtCndjatj/9I5LylHvt5qluFaBT3I5h3r1ejfR056c+FCv+NnNXg==}
    engines: {node: 18 || 20 || >=22}

  pathe@2.0.3:
    resolution: {integrity: sha512-WUjGcAqP1gQacoQe+OBJsFA7Ld4DyXuUIjZ5cc75cLHvJ7dtNsTugphxIADwspS+AraAUePCKrSVtPLFj/F88w==}

  perfect-debounce@2.1.0:
    resolution: {integrity: sha512-LjgdTytVFXeUgtHZr9WYViYSM/g8MkcTPYDlPa3cDqMirHjKiSZPYd6DoL7pK8AJQr+uWkQvCjHNdiMqsrJs+g==}

  pkg-types@2.3.1:
    resolution: {integrity: sha512-y+ichcgc2LrADuhLNAx8DFjVfgz91pRxfZdI3UDhxHvcVEZsenLO+7XaU5vOp0u/7V/wZ+plyuQxtrDlZJ+yeg==}

  pluralize@8.0.0:
    resolution: {integrity: sha512-Nc3IT5yHzflTfbjgqWcCPpo7DaKy4FnpB0l/zCAW0Tc7jxAiuqSxHasntB3D7887LSrA93kDJ9IXovxJYxyLCA==}
    engines: {node: '>=4'}

  prompts@2.4.2:
    resolution: {integrity: sha512-NxNv/kLguCA7p3jE8oL2aEBsrJWgAakBpgmgK6lpPWV+WuOmY6r2/zbAVnP+T8bQlA0nzHXSJSJW0Hq7ylaD2Q==}
    engines: {node: '>= 6'}

  pure-rand@6.1.0:
    resolution: {integrity: sha512-bVWawvoZoBYpp6yIoQtQXHZjmz35RSVHnUOTefl8Vcjr8snTPY1wnpSPMWekcFwbxI6gtmT7rSYPFvz71ldiOA==}

  rc9@3.0.1:
    resolution: {integrity: sha512-gMDyleLWVE+i6Sgtc0QbbY6pEKqYs97NGi6isHQPqYlLemPoO8dxQ3uGi0f4NiP98c+jMW6cG1Kx9dDwfvqARQ==}

  readdirp@5.0.0:
    resolution: {integrity: sha512-9u/XQ1pvrQtYyMpZe7DXKv2p5CNvyVwzUB6uhLAnQwHMSgKMBR62lc7AHljaeteeHXn11XTAaLLUVZYVZyuRBQ==}
    engines: {node: '>= 20.19.0'}

  rimraf@6.1.3:
    resolution: {integrity: sha512-LKg+Cr2ZF61fkcaK1UdkH2yEBBKnYjTyWzTJT6KNPcSPaiT7HSdhtMXQuN5wkTX0Xu72KQ1l8S42rlmexS2hSA==}
    engines: {node: 20 || >=22}
    hasBin: true

  sisteransi@1.0.5:
    resolution: {integrity: sha512-bLGGlR1QxBcynn2d5YmDX4MGjlZvy2MRBDRNHLJ8VI6l6+9FUiyTFNJ0IveOSP0bcXgVDPRcfGqA0pjaqUpfVg==}

  typescript@5.9.3:
    resolution: {integrity: sha512-jl1vZzPDinLr9eUt3J/t7V6FgNEw9QjvBPdysz9KfQDD41fQrC2Y4vKQdiaUpFT4bXlb1RHhLpp8wtm6M5TgSw==}
    engines: {node: '>=14.17'}
    hasBin: true

  undici-types@7.16.0:
    resolution: {integrity: sha512-Zz+aZWSj8LE6zoxD+xrjh4VfkIG8Ya6LvYkZqtUQGJPZjYl53ypCaUwWqo7eI0x66KBGeRo+mlBEkMSeSZ38Nw==}

  universalify@2.0.1:
    resolution: {integrity: sha512-gptHNQghINnc/vTGIk0SOFGFNXw7JVrlRUtConJRlvaw6DuX0wO5Jeko9sWrMBhh+PsYAZ7oXAiOnf/UKogyiw==}
    engines: {node: '>= 10.0.0'}

  zod@4.4.3:
    resolution: {integrity: sha512-ytENFjIJFl2UwYglde2jchW2Hwm4GJFLDiSXWdTrJQBIN9Fcyp7n4DhxJEiWNAJMV1/BqWfW/kkg71UDcHJyTQ==}

snapshots:

  '@prisma/client-runtime-utils@7.8.0': {}

  '@prisma/client@7.8.0(typescript@5.9.3)':
    dependencies:
      '@prisma/client-runtime-utils': 7.8.0
    optionalDependencies:
      typescript: 5.9.3

  '@prisma/config@7.8.0':
    dependencies:
      c12: 3.3.4
      deepmerge-ts: 7.1.5
      effect: 3.20.0
      empathic: 2.0.0
    transitivePeerDependencies:
      - magicast

  '@prisma/debug@7.8.0': {}

  '@prisma/dmmf@7.8.0': {}

  '@prisma/driver-adapter-utils@7.8.0':
    dependencies:
      '@prisma/debug': 7.8.0

  '@prisma/engines-version@7.8.0-6.3c6e192761c0362d496ed980de936e2f3cebcd3a': {}

  '@prisma/engines@7.8.0':
    dependencies:
      '@prisma/debug': 7.8.0
      '@prisma/engines-version': 7.8.0-6.3c6e192761c0362d496ed980de936e2f3cebcd3a
      '@prisma/fetch-engine': 7.8.0
      '@prisma/get-platform': 7.8.0

  '@prisma/fetch-engine@7.8.0':
    dependencies:
      '@prisma/debug': 7.8.0
      '@prisma/engines-version': 7.8.0-6.3c6e192761c0362d496ed980de936e2f3cebcd3a
      '@prisma/get-platform': 7.8.0

  '@prisma/generator-helper@7.8.0':
    dependencies:
      '@prisma/debug': 7.8.0
      '@prisma/dmmf': 7.8.0
      '@prisma/generator': 7.8.0

  '@prisma/generator@7.8.0': {}

  '@prisma/get-dmmf@7.8.0':
    dependencies:
      '@prisma/debug': 7.8.0
      '@prisma/dmmf': 7.8.0
      '@prisma/prisma-schema-wasm': 7.8.0-6.3c6e192761c0362d496ed980de936e2f3cebcd3a
      '@streamparser/json': 0.0.22
      pluralize: 8.0.0

  '@prisma/get-platform@7.8.0':
    dependencies:
      '@prisma/debug': 7.8.0

  '@prisma/internals@7.8.0(typescript@5.9.3)':
    dependencies:
      '@prisma/config': 7.8.0
      '@prisma/debug': 7.8.0
      '@prisma/dmmf': 7.8.0
      '@prisma/driver-adapter-utils': 7.8.0
      '@prisma/engines': 7.8.0
      '@prisma/fetch-engine': 7.8.0
      '@prisma/generator': 7.8.0
      '@prisma/generator-helper': 7.8.0
      '@prisma/get-dmmf': 7.8.0
      '@prisma/get-platform': 7.8.0
      '@prisma/prisma-schema-wasm': 7.8.0-6.3c6e192761c0362d496ed980de936e2f3cebcd3a
      '@prisma/schema-engine-wasm': 7.8.0-6.3c6e192761c0362d496ed980de936e2f3cebcd3a
      '@prisma/schema-files-loader': 7.8.0
      '@streamparser/json': 0.0.22
      arg: 5.0.2
      prompts: 2.4.2
    optionalDependencies:
      typescript: 5.9.3
    transitivePeerDependencies:
      - magicast

  '@prisma/prisma-schema-wasm@7.8.0-6.3c6e192761c0362d496ed980de936e2f3cebcd3a': {}

  '@prisma/schema-engine-wasm@7.8.0-6.3c6e192761c0362d496ed980de936e2f3cebcd3a': {}

  '@prisma/schema-files-loader@7.8.0':
    dependencies:
      '@prisma/prisma-schema-wasm': 7.8.0-6.3c6e192761c0362d496ed980de936e2f3cebcd3a
      fs-extra: 11.3.0

  '@standard-schema/spec@1.1.0': {}

  '@streamparser/json@0.0.22': {}

  '@types/node@24.12.2':
    dependencies:
      undici-types: 7.16.0

  arg@5.0.2: {}

  balanced-match@4.0.4: {}

  brace-expansion@5.0.5:
    dependencies:
      balanced-match: 4.0.4

  c12@3.3.4:
    dependencies:
      chokidar: 5.0.0
      confbox: 0.2.4
      defu: 6.1.7
      dotenv: 17.4.2
      exsolve: 1.0.8
      giget: 3.2.0
      jiti: 2.7.0
      ohash: 2.0.11
      pathe: 2.0.3
      perfect-debounce: 2.1.0
      pkg-types: 2.3.1
      rc9: 3.0.1

  chokidar@5.0.0:
    dependencies:
      readdirp: 5.0.0

  confbox@0.2.4: {}

  deepmerge-ts@7.1.5: {}

  defu@6.1.7: {}

  destr@2.0.5: {}

  dotenv@17.4.2: {}

  effect@3.20.0:
    dependencies:
      '@standard-schema/spec': 1.1.0
      fast-check: 3.23.2

  empathic@2.0.0: {}

  exsolve@1.0.8: {}

  fast-check@3.23.2:
    dependencies:
      pure-rand: 6.1.0

  fs-extra@11.3.0:
    dependencies:
      graceful-fs: 4.2.11
      jsonfile: 6.2.1
      universalify: 2.0.1

  giget@3.2.0: {}

  glob@13.0.6:
    dependencies:
      minimatch: 10.2.5
      minipass: 7.1.3
      path-scurry: 2.0.2

  graceful-fs@4.2.11: {}

  jiti@2.7.0: {}

  jsonfile@6.2.1:
    dependencies:
      universalify: 2.0.1
    optionalDependencies:
      graceful-fs: 4.2.11

  kleur@3.0.3: {}

  lru-cache@11.3.6: {}

  minimatch@10.2.5:
    dependencies:
      brace-expansion: 5.0.5

  minipass@7.1.3: {}

  ohash@2.0.11: {}

  package-json-from-dist@1.0.1: {}

  path-scurry@2.0.2:
    dependencies:
      lru-cache: 11.3.6
      minipass: 7.1.3

  pathe@2.0.3: {}

  perfect-debounce@2.1.0: {}

  pkg-types@2.3.1:
    dependencies:
      confbox: 0.2.4
      exsolve: 1.0.8
      pathe: 2.0.3

  pluralize@8.0.0: {}

  prompts@2.4.2:
    dependencies:
      kleur: 3.0.3
      sisteransi: 1.0.5

  pure-rand@6.1.0: {}

  rc9@3.0.1:
    dependencies:
      defu: 6.1.7
      destr: 2.0.5

  readdirp@5.0.0: {}

  rimraf@6.1.3:
    dependencies:
      glob: 13.0.6
      package-json-from-dist: 1.0.1

  sisteransi@1.0.5: {}

  typescript@5.9.3: {}

  undici-types@7.16.0: {}

  universalify@2.0.1: {}

  zod@4.4.3: {}
